// !$*UTF8*$!
{
	archiveVersion = 1;
	classes = {
	};
	objectVersion = 48;
	objects = {

/* Begin PBXBuildFile section */
		48C6B8731FCD273D00D19DC9 /* AppDelegate.swift in Sources */ = {isa = PBXBuildFile; fileRef = 48C6B8721FCD273D00D19DC9 /* AppDelegate.swift */; };
		48C6B8751FCD273D00D19DC9 /* ViewController.swift in Sources */ = {isa = PBXBuildFile; fileRef = 48C6B8741FCD273D00D19DC9 /* ViewController.swift */; };
		48C6B8781FCD273D00D19DC9 /* Main.storyboard in Resources */ = {isa = PBXBuildFile; fileRef = 48C6B8761FCD273D00D19DC9 /* Main.storyboard */; };
		48C6B87A1FCD273D00D19DC9 /* Assets.xcassets in Resources */ = {isa = PBXBuildFile; fileRef = 48C6B8791FCD273D00D19DC9 /* Assets.xcassets */; };
		48C6B87D1FCD273D00D19DC9 /* LaunchScreen.storyboard in Resources */ = {isa = PBXBuildFile; fileRef = 48C6B87B1FCD273D00D19DC9 /* LaunchScreen.storyboard */; };
		48C6B8851FCD284200D19DC9 /* YLContainerView.swift in Sources */ = {isa = PBXBuildFile; fileRef = 48C6B8841FCD284200D19DC9 /* YLContainerView.swift */; };
		48C6B8871FCD30BF00D19DC9 /* Podfile in Resources */ = {isa = PBXBuildFile; fileRef = 48C6B8861FCD30BF00D19DC9 /* Podfile */; };
		BB10A7C12F0D6893F7DF2F83 /* Pods_WaterFlow.framework in Frameworks */ = {isa = PBXBuildFile; fileRef = BDEC2935F8ADC7FB8D7FDB8E /* Pods_WaterFlow.framework */; };
/* End PBXBuildFile section */

/* Begin PBXFileReference section */
		08009115E83C4FBE5A1B96E9 /* Pods-WaterFlow.debug.xcconfig */ = {isa = PBXFileReference; includeInIndex = 1; lastKnownFileType = text.xcconfig; name = "Pods-WaterFlow.debug.xcconfig"; path = "Pods/Target Support Files/Pods-WaterFlow/Pods-WaterFlow.debug.xcconfig"; sourceTree = "<group>"; };
		48C6B86F1FCD273D00D19DC9 /* WaterFlow.app */ = {isa = PBXFileReference; explicitFileType = wrapper.application; includeInIndex = 0; path = WaterFlow.app; sourceTree = BUILT_PRODUCTS_DIR; };
		48C6B8721FCD273D00D19DC9 /* AppDelegate.swift */ = {isa = PBXFileReference; lastKnownFileType = sourcecode.swift; path = AppDelegate.swift; sourceTree = "<group>"; };
		48C6B8741FCD273D00D19DC9 /* ViewController.swift */ = {isa = PBXFileReference; lastKnownFileType = sourcecode.swift; path = ViewController.swift; sourceTree = "<group>"; };
		48C6B8771FCD273D00D19DC9 /* Base */ = {isa = PBXFileReference; lastKnownFileType = file.storyboard; name = Base; path = Base.lproj/Main.storyboard; sourceTree = "<group>"; };
		48C6B8791FCD273D00D19DC9 /* Assets.xcassets */ = {isa = PBXFileReference; lastKnownFileType = folder.assetcatalog; path = Assets.xcassets; sourceTree = "<group>"; };
		48C6B87C1FCD273D00D19DC9 /* Base */ = {isa = PBXFileReference; lastKnownFileType = file.storyboard; name = Base; path = Base.lproj/LaunchScreen.storyboard; sourceTree = "<group>"; };
		48C6B87E1FCD273D00D19DC9 /* Info.plist */ = {isa = PBXFileReference; lastKnownFileType = text.plist.xml; path = Info.plist; sourceTree = "<group>"; };
		48C6B8841FCD284200D19DC9 /* YLContainerView.swift */ = {isa = PBXFileReference; lastKnownFileType = sourcecode.swift; path = YLContainerView.swift; sourceTree = "<group>"; };
		48C6B8861FCD30BF00D19DC9 /* Podfile */ = {isa = PBXFileReference; lastKnownFileType = text; path = Podfile; sourceTree = "<group>"; };
		973CE79D2E9ABF3A3A3E61FB /* Pods-WaterFlow.release.xcconfig */ = {isa = PBXFileReference; includeInIndex = 1; lastKnownFileType = text.xcconfig; name = "Pods-WaterFlow.release.xcconfig"; path = "Pods/Target Support Files/Pods-WaterFlow/Pods-WaterFlow.release.xcconfig"; sourceTree = "<group>"; };
		BDEC2935F8ADC7FB8D7FDB8E /* Pods_WaterFlow.framework */ = {isa = PBXFileReference; explicitFileType = wrapper.framework; includeInIndex = 0; path = Pods_WaterFlow.framework; sourceTree = BUILT_PRODUCTS_DIR; };
/* End PBXFileReference section */

/* Begin PBXFrameworksBuildPhase section */
		48C6B86C1FCD273D00D19DC9 /* Frameworks */ = {
			isa = PBXFrameworksBuildPhase;
			buildActionMask = 2147483647;
			files = (
				BB10A7C12F0D6893F7DF2F83 /* Pods_WaterFlow.framework in Frameworks */,
			);
			runOnlyForDeploymentPostprocessing = 0;
		};
/* End PBXFrameworksBuildPhase section */

/* Begin PBXGroup section */
		0FEFEEF775D1770D8FEB1950 /* Pods */ = {
			isa = PBXGroup;
			children = (
				08009115E83C4FBE5A1B96E9 /* Pods-WaterFlow.debug.xcconfig */,
				973CE79D2E9ABF3A3A3E61FB /* Pods-WaterFlow.release.xcconfig */,
			);
			name = Pods;
			sourceTree = "<group>";
		};
		48C6B8661FCD273D00D19DC9 = {
			isa = PBXGroup;
			children = (
				48C6B8861FCD30BF00D19DC9 /* Podfile */,
				48C6B8711FCD273D00D19DC9 /* WaterFlow */,
				48C6B8701FCD273D00D19DC9 /* Products */,
				0FEFEEF775D1770D8FEB1950 /* Pods */,
				4B615A1FD29E108B6A5246D8 /* Frameworks */,
			);
			sourceTree = "<group>";
		};
		48C6B8701FCD273D00D19DC9 /* Products */ = {
			isa = PBXGroup;
			children = (
				48C6B86F1FCD273D00D19DC9 /* WaterFlow.app */,
			);
			name = Products;
			sourceTree = "<group>";
		};
		48C6B8711FCD273D00D19DC9 /* WaterFlow */ = {
			isa = PBXGroup;
			children = (
				48C6B8721FCD273D00D19DC9 /* AppDelegate.swift */,
				48C6B8741FCD273D00D19DC9 /* ViewController.swift */,
				48C6B8761FCD273D00D19DC9 /* Main.storyboard */,
				48C6B8791FCD273D00D19DC9 /* Assets.xcassets */,
				48C6B87B1FCD273D00D19DC9 /* LaunchScreen.storyboard */,
				48C6B87E1FCD273D00D19DC9 /* Info.plist */,
				48C6B8841FCD284200D19DC9 /* YLContainerView.swift */,
			);
			path = WaterFlow;
			sourceTree = "<group>";
		};
		4B615A1FD29E108B6A5246D8 /* Frameworks */ = {
			isa = PBXGroup;
			children = (
				BDEC2935F8ADC7FB8D7FDB8E /* Pods_WaterFlow.framework */,
			);
			name = Frameworks;
			sourceTree = "<group>";
		};
/* End PBXGroup section */

/* Begin PBXNativeTarget section */
		48C6B86E1FCD273D00D19DC9 /* WaterFlow */ = {
			isa = PBXNativeTarget;
			buildConfigurationList = 48C6B8811FCD273D00D19DC9 /* Build configuration list for PBXNativeTarget "WaterFlow" */;
			buildPhases = (
				6B2BEB6260AF91165B03AC18 /* [CP] Check Pods Manifest.lock */,
				48C6B86B1FCD273D00D19DC9 /* Sources */,
				48C6B86C1FCD273D00D19DC9 /* Frameworks */,
				48C6B86D1FCD273D00D19DC9 /* Resources */,
				D871AB6EB4028F581270EE48 /* [CP] Embed Pods Frameworks */,
				E47B4E25F79759645E556515 /* [CP] Copy Pods Resources */,
			);
			buildRules = (
			);
			dependencies = (
			);
			name = WaterFlow;
			productName = WaterFlow;
			productReference = 48C6B86F1FCD273D00D19DC9 /* WaterFlow.app */;
			productType = "com.apple.product-type.application";
		};
/* End PBXNativeTarget section */

/* Begin PBXProject section */
		48C6B8671FCD273D00D19DC9 /* Project object */ = {
			isa = PBXProject;
			attributes = {
				LastSwiftUpdateCheck = 0910;
				LastUpgradeCheck = 0910;
				ORGANIZATIONNAME = LYL;
				TargetAttributes = {
					48C6B86E1FCD273D00D19DC9 = {
						CreatedOnToolsVersion = 9.1;
						ProvisioningStyle = Automatic;
					};
				};
			};
			buildConfigurationList = 48C6B86A1FCD273D00D19DC9 /* Build configuration list for PBXProject "WaterFlow" */;
			compatibilityVersion = "Xcode 8.0";
			developmentRegion = en;
			hasScannedForEncodings = 0;
			knownRegions = (
				en,
				Base,
			);
			mainGroup = 48C6B8661FCD273D00D19DC9;
			productRefGroup = 48C6B8701FCD273D00D19DC9 /* Products */;
			projectDirPath = "";
			projectRoot = "";
			targets = (
				48C6B86E1FCD273D00D19DC9 /* WaterFlow */,
			);
		};
/* End PBXProject section */

/* Begin PBXResourcesBuildPhase section */
		48C6B86D1FCD273D00D19DC9 /* Resources */ = {
			isa = PBXResourcesBuildPhase;
			buildActionMask = 2147483647;
			files = (
				48C6B87D1FCD273D00D19DC9 /* LaunchScreen.storyboard in Resources */,
				48C6B87A1FCD273D00D19DC9 /* Assets.xcassets in Resources */,
				48C6B8871FCD30BF00D19DC9 /* Podfile in Resources */,
				48C6B8781FCD273D00D19DC9 /* Main.storyboard in Resources */,
			);
			runOnlyForDeploymentPostprocessing = 0;
		};
/* End PBXResourcesBuildPhase section */

/* Begin PBXShellScriptBuildPhase section */
		6B2BEB6260AF91165B03AC18 /* [CP] Check Pods Manifest.lock */ = {
			isa = PBXShellScriptBuildPhase;
			buildActionMask = 2147483647;
			files = (
			);
			inputPaths = (
				"${PODS_PODFILE_DIR_PATH}/Podfile.lock",
				"${PODS_ROOT}/Manifest.lock",
			);
			name = "[CP] Check Pods Manifest.lock";
			outputPaths = (
				"$(DERIVED_FILE_DIR)/Pods-WaterFlow-checkManifestLockResult.txt",
			);
			runOnlyForDeploymentPostprocessing = 0;
			shellPath = /bin/sh;
			shellScript = "diff \"${PODS_PODFILE_DIR_PATH}/Podfile.lock\" \"${PODS_ROOT}/Manifest.lock\" > /dev/null\nif [ $? != 0 ] ; then\n    # print error to STDERR\n    echo \"error: The sandbox is not in sync with the Podfile.lock. Run 'pod install' or update your CocoaPods installation.\" >&2\n    exit 1\nfi\n# This output is used by Xcode 'outputs' to avoid re-running this script phase.\necho \"SUCCESS\" > \"${SCRIPT_OUTPUT_FILE_0}\"\n";
			showEnvVarsInLog = 0;
		};
		D871AB6EB4028F581270EE48 /* [CP] Embed Pods Frameworks */ = {
			isa = PBXShellScriptBuildPhase;
			buildActionMask = 2147483647;
			files = (
			);
			inputPaths = (
				"${SRCROOT}/Pods/Target Support Files/Pods-WaterFlow/Pods-WaterFlow-frameworks.sh",
				"${BUILT_PRODUCTS_DIR}/ObjectMapper/ObjectMapper.framework",
				"${BUILT_PRODUCTS_DIR}/SnapKit/SnapKit.framework",
			);
			name = "[CP] Embed Pods Frameworks";
			outputPaths = (
				"${TARGET_BUILD_DIR}/${FRAMEWORKS_FOLDER_PATH}/ObjectMapper.framework",
				"${TARGET_BUILD_DIR}/${FRAMEWORKS_FOLDER_PATH}/SnapKit.framework",
			);
			runOnlyForDeploymentPostprocessing = 0;
			shellPath = /bin/sh;
			shellScript = "\"${SRCROOT}/Pods/Target Support Files/Pods-WaterFlow/Pods-WaterFlow-frameworks.sh\"\n";
			showEnvVarsInLog = 0;
		};
		E47B4E25F79759645E556515 /* [CP] Copy Pods Resources */ = {
			isa = PBXShellScriptBuildPhase;
			buildActionMask = 2147483647;
			files = (
			);
			inputPaths = (
			);
			name = "[CP] Copy Pods Resources";
			outputPaths = (
			);
			runOnlyForDeploymentPostprocessing = 0;
			shellPath = /bin/sh;
			shellScript = "\"${SRCROOT}/Pods/Target Support Files/Pods-WaterFlow/Pods-WaterFlow-resources.sh\"\n";
			showEnvVarsInLog = 0;
		};
/* End PBXShellScriptBuildPhase section */

/* Begin PBXSourcesBuildPhase section */
		48C6B86B1FCD273D00D19DC9 /* Sources */ = {
			isa = PBXSourcesBuildPhase;
			buildActionMask = 2147483647;
			files = (
				48C6B8751FCD273D00D19DC9 /* ViewController.swift in Sources */,
				48C6B8731FCD273D00D19DC9 /* AppDelegate.swift in Sources */,
				48C6B8851FCD284200D19DC9 /* YLContainerView.swift in Sources */,
			);
			runOnlyForDeploymentPostprocessing = 0;
		};
/* End PBXSourcesBuildPhase section */

/* Begin PBXVariantGroup section */
		48C6B8761FCD273D00D19DC9 /* Main.storyboard */ = {
			isa = PBXVariantGroup;
			children = (
				48C6B8771FCD273D00D19DC9 /* Base */,
			);
			name = Main.storyboard;
			sourceTree = "<group>";
		};
		48C6B87B1FCD273D00D19DC9 /* LaunchScreen.storyboard */ = {
			isa = PBXVariantGroup;
			children = (
				48C6B87C1FCD273D00D19DC9 /* Base */,
			);
			name = LaunchScreen.storyboard;
			sourceTree = "<group>";
		};
/* End PBXVariantGroup section */

/* Begin XCBuildConfiguration section */
		48C6B87F1FCD273D00D19DC9 /* Debug */ = {
			isa = XCBuildConfiguration;
			buildSettings = {
				ALWAYS_SEARCH_USER_PATHS = NO;
				CLANG_ANALYZER_NONNULL = YES;
				CLANG_ANALYZER_NUMBER_OBJECT_CONVERSION = YES_AGGRESSIVE;
				CLANG_CXX_LANGUAGE_STANDARD = "gnu++14";
				CLANG_CXX_LIBRARY = "libc++";
				CLANG_ENABLE_MODULES = YES;
				CLANG_ENABLE_OBJC_ARC = YES;
				CLANG_WARN_BLOCK_CAPTURE_AUTORELEASING = YES;
				CLANG_WARN_BOOL_CONVERSION = YES;
				CLANG_WARN_COMMA = YES;
				CLANG_WARN_CONSTANT_CONVERSION = YES;
				CLANG_WARN_DIRECT_OBJC_ISA_USAGE = YES_ERROR;
				CLANG_WARN_DOCUMENTATION_COMMENTS = YES;
				CLANG_WARN_EMPTY_BODY = YES;
				CLANG_WARN_ENUM_CONVERSION = YES;
				CLANG_WARN_INFINITE_RECURSION = YES;
				CLANG_WARN_INT_CONVERSION = YES;
				CLANG_WARN_NON_LITERAL_NULL_CONVERSION = YES;
				CLANG_WARN_OBJC_LITERAL_CONVERSION = YES;
				CLANG_WARN_OBJC_ROOT_CLASS = YES_ERROR;
				CLANG_WARN_RANGE_LOOP_ANALYSIS = YES;
				CLANG_WARN_STRICT_PROTOTYPES = YES;
				CLANG_WARN_SUSPICIOUS_MOVE = YES;
				CLANG_WARN_UNGUARDED_AVAILABILITY = YES_AGGRESSIVE;
				CLANG_WARN_UNREACHABLE_CODE = YES;
				CLANG_WARN__DUPLICATE_METHOD_MATCH = YES;
				CODE_SIGN_IDENTITY = "iPhone Developer";
				COPY_PHASE_STRIP = NO;
				DEBUG_INFORMATION_FORMAT = dwarf;
				ENABLE_STRICT_OBJC_MSGSEND = YES;
				ENABLE_TESTABILITY = YES;
				GCC_C_LANGUAGE_STANDARD = gnu11;
				GCC_DYNAMIC_NO_PIC = NO;
				GCC_NO_COMMON_BLOCKS = YES;
				GCC_OPTIMIZATION_LEVEL = 0;
				GCC_PREPROCESSOR_DEFINITIONS = (
					"DEBUG=1",
					"$(inherited)",
				);
				GCC_WARN_64_TO_32_BIT_CONVERSION = YES;
				GCC_WARN_ABOUT_RETURN_TYPE = YES_ERROR;
				GCC_WARN_UNDECLARED_SELECTOR = YES;
				GCC_WARN_UNINITIALIZED_AUTOS = YES_AGGRESSIVE;
				GCC_WARN_UNUSED_FUNCTION = YES;
				GCC_WARN_UNUSED_VARIABLE = YES;
				IPHONEOS_DEPLOYMENT_TARGET = 11.1;
				MTL_ENABLE_DEBUG_INFO = YES;
				ONLY_ACTIVE_ARCH = YES;
				SDKROOT = iphoneos;
				SWIFT_ACTIVE_COMPILATION_CONDITIONS = DEBUG;
				SWIFT_OPTIMIZATION_LEVEL = "-Onone";
			};
			name = Debug;
		};
		48C6B8801FCD273D00D19DC9 /* Release */ = {
			isa = XCBuildConfiguration;
			buildSettings = {
				ALWAYS_SEARCH_USER_PATHS = NO;
				CLANG_ANALYZER_NONNULL = YES;
				CLANG_ANALYZER_NUMBER_OBJECT_CONVERSION = YES_AGGRESSIVE;
				CLANG_CXX_LANGUAGE_STANDARD = "gnu++14";
				CLANG_CXX_LIBRARY = "libc++";
				CLANG_ENABLE_MODULES = YES;
				CLANG_ENABLE_OBJC_ARC = YES;
				CLANG_WARN_BLOCK_CAPTURE_AUTORELEASING = YES;
				CLANG_WARN_BOOL_CONVERSION = YES;
				CLANG_WARN_COMMA = YES;
				CLANG_WARN_CONSTANT_CONVERSION = YES;
				CLANG_WARN_DIRECT_OBJC_ISA_USAGE = YES_ERROR;
				CLANG_WARN_DOCUMENTATION_COMMENTS = YES;
				CLANG_WARN_EMPTY_BODY = YES;
				CLANG_WARN_ENUM_CONVERSION = YES;
				CLANG_WARN_INFINITE_RECURSION = YES;
				CLANG_WARN_INT_CONVERSION = YES;
				CLANG_WARN_NON_LITERAL_NULL_CONVERSION = YES;
				CLANG_WARN_OBJC_LITERAL_CONVERSION = YES;
				CLANG_WARN_OBJC_ROOT_CLASS = YES_ERROR;
				CLANG_WARN_RANGE_LOOP_ANALYSIS = YES;
				CLANG_WARN_STRICT_PROTOTYPES = YES;
				CLANG_WARN_SUSPICIOUS_MOVE = YES;
				CLANG_WARN_UNGUARDED_AVAILABILITY = YES_AGGRESSIVE;
				CLANG_WARN_UNREACHABLE_CODE = YES;
				CLANG_WARN__DUPLICATE_METHOD_MATCH = YES;
				CODE_SIGN_IDENTITY = "iPhone Developer";
				COPY_PHASE_STRIP = NO;
				DEBUG_INFORMATION_FORMAT = "dwarf-with-dsym";
				ENABLE_NS_ASSERTIONS = NO;
				ENABLE_STRICT_OBJC_MSGSEND = YES;
				GCC_C_LANGUAGE_STANDARD = gnu11;
				GCC_NO_COMMON_BLOCKS = YES;
				GCC_WARN_64_TO_32_BIT_CONVERSION = YES;
				GCC_WARN_ABOUT_RETURN_TYPE = YES_ERROR;
				GCC_WARN_UNDECLARED_SELECTOR = YES;
				GCC_WARN_UNINITIALIZED_AUTOS = YES_AGGRESSIVE;
				GCC_WARN_UNUSED_FUNCTION = YES;
				GCC_WARN_UNUSED_VARIABLE = YES;
				IPHONEOS_DEPLOYMENT_TARGET = 11.1;
				MTL_ENABLE_DEBUG_INFO = NO;
				SDKROOT = iphoneos;
				SWIFT_OPTIMIZATION_LEVEL = "-Owholemodule";
				VALIDATE_PRODUCT = YES;
			};
			name = Release;
		};
		48C6B8821FCD273D00D19DC9 /* Debug */ = {
			isa = XCBuildConfiguration;
			baseConfigurationReference = 08009115E83C4FBE5A1B96E9 /* Pods-WaterFlow.debug.xcconfig */;
			buildSettings = {
				ASSETCATALOG_COMPILER_APPICON_NAME = AppIcon;
				CODE_SIGN_STYLE = Automatic;
				DEVELOPMENT_TEAM = P8PCL77DZL;
				INFOPLIST_FILE = WaterFlow/Info.plist;
				IPHONEOS_DEPLOYMENT_TARGET = 9.0;
				LD_RUNPATH_SEARCH_PATHS = "$(inherited) @executable_path/Frameworks";
				PRODUCT_BUNDLE_IDENTIFIER = LYL.WaterFlow;
				PRODUCT_NAME = "$(TARGET_NAME)";
				SWIFT_VERSION = 3.0;
				TARGETED_DEVICE_FAMILY = "1,2";
			};
			name = Debug;
		};
		48C6B8831FCD273D00D19DC9 /* Release */ = {
			isa = XCBuildConfiguration;
			baseConfigurationReference = 973CE79D2E9ABF3A3A3E61FB /* Pods-WaterFlow.release.xcconfig */;
			buildSettings = {
				ASSETCATALOG_COMPILER_APPICON_NAME = AppIcon;
				CODE_SIGN_STYLE = Automatic;
				DEVELOPMENT_TEAM = P8PCL77DZL;
				INFOPLIST_FILE = WaterFlow/Info.plist;
				IPHONEOS_DEPLOYMENT_TARGET = 9.0;
				LD_RUNPATH_SEARCH_PATHS = "$(inherited) @executable_path/Frameworks";
				PRODUCT_BUNDLE_IDENTIFIER = LYL.WaterFlow;
				PRODUCT_NAME = "$(TARGET_NAME)";
				SWIFT_VERSION = 3.0;
				TARGETED_DEVICE_FAMILY = "1,2";
			};
			name = Release;
		};
/* End XCBuildConfiguration section */

/* Begin XCConfigurationList section */
		48C6B86A1FCD273D00D19DC9 /* Build configuration list for PBXProject "WaterFlow" */ = {
			isa = XCConfigurationList;
			buildConfigurations = (
				48C6B87F1FCD273D00D19DC9 /* Debug */,
				48C6B8801FCD273D00D19DC9 /* Release */,
			);
			defaultConfigurationIsVisible = 0;
			defaultConfigurationName = Release;
		};
		48C6B8811FCD273D00D19DC9 /* Build configuration list for PBXNativeTarget "WaterFlow" */ = {
			isa = XCConfigurationList;
			buildConfigurations = (
				48C6B8821FCD273D00D19DC9 /* Debug */,
				48C6B8831FCD273D00D19DC9 /* Release */,
			);
			defaultConfigurationIsVisible = 0;
			defaultConfigurationName = Release;
		};
/* End XCConfigurationList section */
	};
	rootObject = 48C6B8671FCD273D00D19DC9 /* Project object */;
}
